// !$*UTF8*$!
{
	archiveVersion = 1;
	classes = {
	};
	objectVersion = 46;
	objects = {

/* Begin PBXBuildFile section */
		65EE9D061C528F0700D7498B /* AppDelegate.swift in Sources */ = {isa = PBXBuildFile; fileRef = 65EE9D051C528F0700D7498B /* AppDelegate.swift */; };
		65EE9D081C528F0700D7498B /* ViewController.swift in Sources */ = {isa = PBXBuildFile; fileRef = 65EE9D071C528F0700D7498B /* ViewController.swift */; };
		65EE9D0B1C528F0700D7498B /* Main.storyboard in Resources */ = {isa = PBXBuildFile; fileRef = 65EE9D091C528F0700D7498B /* Main.storyboard */; };
		65EE9D0D1C528F0700D7498B /* Assets.xcassets in Resources */ = {isa = PBXBuildFile; fileRef = 65EE9D0C1C528F0700D7498B /* Assets.xcassets */; };
		65EE9D101C528F0700D7498B /* LaunchScreen.storyboard in Resources */ = {isa = PBXBuildFile; fileRef = 65EE9D0E1C528F0700D7498B /* LaunchScreen.storyboard */; };
/* End PBXBuildFile section */

/* Begin PBXFileReference section */
		65EE9D021C528F0700D7498B /* SuperCool.app */ = {isa = PBXFileReference; explicitFileType = wrapper.application; includeInIndex = 0; path = SuperCool.app; sourceTree = BUILT_PRODUCTS_DIR; };
		65EE9D051C528F0700D7498B /* AppDelegate.swift */ = {isa = PBXFileReference; lastKnownFileType = sourcecode.swift; path = AppDelegate.swift; sourceTree = "<group>"; };
		65EE9D071C528F0700D7498B /* ViewController.swift */ = {isa = PBXFileReference; lastKnownFileType = sourcecode.swift; path = ViewController.swift; sourceTree = "<group>"; };
		65EE9D0A1C528F0700D7498B /* Base */ = {isa = PBXFileReference; lastKnownFileType = file.storyboard; name = Base; path = Base.lproj/Main.storyboard; sourceTree = "<group>"; };
		65EE9D0C1C528F0700D7498B /* Assets.xcassets */ = {isa = PBXFileReference; lastKnownFileType = folder.assetcatalog; path = Assets.xcassets; sourceTree = "<group>"; };
		65EE9D0F1C528F0700D7498B /* Base */ = {isa = PBXFileReference; lastKnownFileType = file.storyboard; name = Base; path = Base.lproj/LaunchScreen.storyboard; sourceTree = "<group>"; };
		65EE9D111C528F0700D7498B /* Info.plist */ = {isa = PBXFileReference; lastKnownFileType = text.plist.xml; path = Info.plist; sourceTree = "<group>"; };
/* End PBXFileReference section */

/* Begin PBXFrameworksBuildPhase section */
		65EE9CFF1C528F0700D7498B /* Frameworks */ = {
			isa = PBXFrameworksBuildPhase;
			buildActionMask = 2147483647;
			files = (
			);
			runOnlyForDeploymentPostprocessing = 0;
		};
/* End PBXFrameworksBuildPhase section */

/* Begin PBXGroup section */
		65EE9CF91C528F0700D7498B = {
			isa = PBXGroup;
			children = (
				65EE9D041C528F0700D7498B /* SuperCool */,
				65EE9D031C528F0700D7498B /* Products */,
			);
			sourceTree = "<group>";
		};
		65EE9D031C528F0700D7498B /* Products */ = {
			isa = PBXGroup;
			children = (
				65EE9D021C528F0700D7498B /* SuperCool.app */,
			);
			name = Products;
			sourceTree = "<group>";
		};
		65EE9D041C528F0700D7498B /* SuperCool */ = {
			isa = PBXGroup;
			children = (
				65EE9D051C528F0700D7498B /* AppDelegate.swift */,
				65EE9D071C528F0700D7498B /* ViewController.swift */,
				65EE9D091C528F0700D7498B /* Main.storyboard */,
				65EE9D0C1C528F0700D7498B /* Assets.xcassets */,
				65EE9D0E1C528F0700D7498B /* LaunchScreen.storyboard */,
				65EE9D111C528F0700D7498B /* Info.plist */,
			);
			path = SuperCool;
			sourceTree = "<group>";
		};
/* End PBXGroup section */

/* Begin PBXNativeTarget section */
		65EE9D011C528F0700D7498B /* SuperCool */ = {
			isa = PBXNativeTarget;
			buildConfigurationList = 65EE9D141C528F0700D7498B /* Build configuration list for PBXNativeTarget "SuperCool" */;
			buildPhases = (
				65EE9CFE1C528F0700D7498B /* Sources */,
				65EE9CFF1C528F0700D7498B /* Frameworks */,
				65EE9D001C528F0700D7498B /* Resources */,
			);
			buildRules = (
			);
			dependencies = (
			);
			name = SuperCool;
			productName = SuperCool;
			productReference = 65EE9D021C528F0700D7498B /* SuperCool.app */;
			productType = "com.apple.product-type.application";
		};
/* End PBXNativeTarget section */

/* Begin PBXProject section */
		65EE9CFA1C528F0700D7498B /* Project object */ = {
			isa = PBXProject;
			attributes = {
				LastSwiftUpdateCheck = 0730;
				LastUpgradeCheck = 0730;
				ORGANIZATIONNAME = "Daniel Maron";
				TargetAttributes = {
					65EE9D011C528F0700D7498B = {
						CreatedOnToolsVersion = 7.3;
					};
				};
			};
			buildConfigurationList = 65EE9CFD1C528F0700D7498B /* Build configuration list for PBXProject "SuperCool" */;
			compatibilityVersion = "Xcode 3.2";
			developmentRegion = English;
			hasScannedForEncodings = 0;
			knownRegions = (
				en,
				Base,
			);
			mainGroup = 65EE9CF91C528F0700D7498B;
			productRefGroup = 65EE9D031C528F0700D7498B /* Products */;
			projectDirPath = "";
			projectRoot = "";
			targets = (
				65EE9D011C528F0700D7498B /* SuperCool */,
			);
		};
/* End PBXProject section */

/* Begin PBXResourcesBuildPhase section */
		65EE9D001C528F0700D7498B /* Resources */ = {
			isa = PBXResourcesBuildPhase;
			buildActionMask = 2147483647;
			files = (
				65EE9D101C528F0700D7498B /* LaunchScreen.storyboard in Resources */,
				65EE9D0D1C528F0700D7498B /* Assets.xcassets in Resources */,
				65EE9D0B1C528F0700D7498B /* Main.storyboard in Resources */,
			);
			runOnlyForDeploymentPostprocessing = 0;
		};
/* End PBXResourcesBuildPhase section */

/* Begin PBXSourcesBuildPhase section */
		65EE9CFE1C528F0700D7498B /* Sources */ = {
			isa = PBXSourcesBuildPhase;
			buildActionMask = 2147483647;
			files = (
				65EE9D081C528F0700D7498B /* ViewController.swift in Sources */,
				65EE9D061C528F0700D7498B /* AppDelegate.swift in Sources */,
			);
			runOnlyForDeploymentPostprocessing = 0;
		};
/* End PBXSourcesBuildPhase section */

/* Begin PBXVariantGroup section */
		65EE9D091C528F0700D7498B /* Main.storyboard */ = {
			isa = PBXVariantGroup;
			children = (
				65EE9D0A1C528F0700D7498B /* Base */,
			);
			name = Main.storyboard;
			sourceTree = "<group>";
		};
		65EE9D0E1C528F0700D7498B /* LaunchScreen.storyboard */ = {
			isa = PBXVariantGroup;
			children = (
				65EE9D0F1C528F0700D7498B /* Base */,
			);
			name = LaunchScreen.storyboard;
			sourceTree = "<group>";
		};
/* End PBXVariantGroup section */

/* Begin XCBuildConfiguration section */
		65EE9D121C528F0700D7498B /* Debug */ = {
			isa = XCBuildConfiguration;
			buildSettings = {
				ALWAYS_SEARCH_USER_PATHS = NO;
				CLANG_CXX_LANGUAGE_STANDARD = "gnu++0x";
				CLANG_CXX_LIBRARY = "libc++";
				CLANG_ENABLE_MODULES = YES;
				CLANG_ENABLE_OBJC_ARC = YES;
				CLANG_WARN_BOOL_CONVERSION = YES;
				CLANG_WARN_CONSTANT_CONVERSION = YES;
				CLANG_WARN_DIRECT_OBJC_ISA_USAGE = YES_ERROR;
				CLANG_WARN_EMPTY_BODY = YES;
				CLANG_WARN_ENUM_CONVERSION = YES;
				CLANG_WARN_INT_CONVERSION = YES;
				CLANG_WARN_OBJC_ROOT_CLASS = YES_ERROR;
				CLANG_WARN_UNREACHABLE_CODE = YES;
				CLANG_WARN__DUPLICATE_METHOD_MATCH = YES;
				"CODE_SIGN_IDENTITY[sdk=iphoneos*]" = "iPhone Developer";
				COPY_PHASE_STRIP = NO;
				DEBUG_INFORMATION_FORMAT = dwarf;
				ENABLE_STRICT_OBJC_MSGSEND = YES;
				ENABLE_TESTABILITY = YES;
				GCC_C_LANGUAGE_STANDARD = gnu99;
				GCC_DYNAMIC_NO_PIC = NO;
				GCC_NO_COMMON_BLOCKS = YES;
				GCC_OPTIMIZATION_LEVEL = 0;
				GCC_PREPROCESSOR_DEFINITIONS = (
					"DEBUG=1",
					"$(inherited)",
				);
				GCC_WARN_64_TO_32_BIT_CONVERSION = YES;
				GCC_WARN_ABOUT_RETURN_TYPE = YES_ERROR;
				GCC_WARN_UNDECLARED_SELECTOR = YES;
				GCC_WARN_UNINITIALIZED_AUTOS = YES_AGGRESSIVE;
				GCC_WARN_UNUSED_FUNCTION = YES;
				GCC_WARN_UNUSED_VARIABLE = YES;
				IPHONEOS_DEPLOYMENT_TARGET = 9.3;
				MTL_ENABLE_DEBUG_INFO = YES;
				ONLY_ACTIVE_ARCH = YES;
				SDKROOT = iphoneos;
				SWIFT_OPTIMIZATION_LEVEL = "-Onone";
			};
			name = Debug;
		};
		65EE9D131C528F0700D7498B /* Release */ = {
			isa = XCBuildConfiguration;
			buildSettings = {
				ALWAYS_SEARCH_USER_PATHS = NO;
				CLANG_CXX_LANGUAGE_STANDARD = "gnu++0x";
				CLANG_CXX_LIBRARY = "libc++";
				CLANG_ENABLE_MODULES = YES;
				CLANG_ENABLE_OBJC_ARC = YES;
				CLANG_WARN_BOOL_CONVERSION = YES;
				CLANG_WARN_CONSTANT_CONVERSION = YES;
				CLANG_WARN_DIRECT_OBJC_ISA_USAGE = YES_ERROR;
				CLANG_WARN_EMPTY_BODY = YES;
				CLANG_WARN_ENUM_CONVERSION = YES;
				CLANG_WARN_INT_CONVERSION = YES;
				CLANG_WARN_OBJC_ROOT_CLASS = YES_ERROR;
				CLANG_WARN_UNREACHABLE_CODE = YES;
				CLANG_WARN__DUPLICATE_METHOD_MATCH = YES;
				"CODE_SIGN_IDENTITY[sdk=iphoneos*]" = "iPhone Developer";
				COPY_PHASE_STRIP = NO;
				DEBUG_INFORMATION_FORMAT = "dwarf-with-dsym";
				ENABLE_NS_ASSERTIONS = NO;
				ENABLE_STRICT_OBJC_MSGSEND = YES;
				GCC_C_LANGUAGE_STANDARD = gnu99;
				GCC_NO_COMMON_BLOCKS = YES;
				GCC_WARN_64_TO_32_BIT_CONVERSION = YES;
				GCC_WARN_ABOUT_RETURN_TYPE = YES_ERROR;
				GCC_WARN_UNDECLARED_SELECTOR = YES;
				GCC_WARN_UNINITIALIZED_AUTOS = YES_AGGRESSIVE;
				GCC_WARN_UNUSED_FUNCTION = YES;
				GCC_WARN_UNUSED_VARIABLE = YES;
				IPHONEOS_DEPLOYMENT_TARGET = 9.3;
				MTL_ENABLE_DEBUG_INFO = NO;
				SDKROOT = iphoneos;
				VALIDATE_PRODUCT = YES;
			};
			name = Release;
		};
		65EE9D151C528F0700D7498B /* Debug */ = {
			isa = XCBuildConfiguration;
			buildSettings = {
				ASSETCATALOG_COMPILER_APPICON_NAME = AppIcon;
				INFOPLIST_FILE = SuperCool/Info.plist;
				LD_RUNPATH_SEARCH_PATHS = "$(inherited) @executable_path/Frameworks";
				PRODUCT_BUNDLE_IDENTIFIER = "org-abrupt.SuperCool";
				PRODUCT_NAME = "$(TARGET_NAME)";
			};
			name = Debug;
		};
		65EE9D161C528F0700D7498B /* Release */ = {
			isa = XCBuildConfiguration;
			buildSettings = {
				ASSETCATALOG_COMPILER_APPICON_NAME = AppIcon;
				INFOPLIST_FILE = SuperCool/Info.plist;
				LD_RUNPATH_SEARCH_PATHS = "$(inherited) @executable_path/Frameworks";
				PRODUCT_BUNDLE_IDENTIFIER = "org-abrupt.SuperCool";
				PRODUCT_NAME = "$(TARGET_NAME)";
			};
			name = Release;
		};
/* End XCBuildConfiguration section */

/* Begin XCConfigurationList section */
		65EE9CFD1C528F0700D7498B /* Build configuration list for PBXProject "SuperCool" */ = {
			isa = XCConfigurationList;
			buildConfigurations = (
				65EE9D121C528F0700D7498B /* Debug */,
				65EE9D131C528F0700D7498B /* Release */,
			);
			defaultConfigurationIsVisible = 0;
			defaultConfigurationName = Release;
		};
		65EE9D141C528F0700D7498B /* Build configuration list for PBXNativeTarget "SuperCool" */ = {
			isa = XCConfigurationList;
			buildConfigurations = (
				65EE9D151C528F0700D7498B /* Debug */,
				65EE9D161C528F0700D7498B /* Release */,
			);
			defaultConfigurationIsVisible = 0;
		};
/* End XCConfigurationList section */
	};
	rootObject = 65EE9CFA1C528F0700D7498B /* Project object */;
}
